{
  "version": 4,
  "terraform_version": "1.5.7",
  "serial": 3,
  "lineage": "751c59a7-68b2-8841-bbd8-bdf0a23810c4",
  "outputs": {
    "secret_arn_db_password": {
      "value": "arn:aws:secretsmanager:us-east-1:119495459751:secret:shopsnports/production/db/app_user_password-iApdpg",
      "type": "string"
    },
    "secret_arn_flutterwave": {
      "value": "arn:aws:secretsmanager:us-east-1:119495459751:secret:shopsnports/production/flutterwave/secret_key-YrqSrQ",
      "type": "string"
    },
    "secret_arn_paystack": {
      "value": "arn:aws:secretsmanager:us-east-1:119495459751:secret:shopsnports/production/paystack/secret_key-hJ4iXk",
      "type": "string"
    },
    "secret_arn_stripe_key": {
      "value": "arn:aws:secretsmanager:us-east-1:119495459751:secret:shopsnports/production/stripe/secret_key-gzMwaq",
      "type": "string"
    },
    "secret_arn_stripe_webhook": {
      "value": "arn:aws:secretsmanager:us-east-1:119495459751:secret:shopsnports/production/stripe/webhook_secret-Y2dwCa",
      "type": "string"
    }
  },
  "resources": [
    {
      "mode": "data",
      "type": "aws_secretsmanager_secret",
      "name": "db_app_user_password",
      "provider": "provider[\"registry.terraform.io/hashicorp/aws\"]",
      "instances": [
        {
          "schema_version": 0,
          "attributes": {
            "arn": "arn:aws:secretsmanager:us-east-1:119495459751:secret:shopsnports/production/db/app_user_password-iApdpg",
            "created_date": "2025-10-11T02:04:06Z",
            "description": "",
            "id": "arn:aws:secretsmanager:us-east-1:119495459751:secret:shopsnports/production/db/app_user_password-iApdpg",
            "kms_key_id": "",
            "last_changed_date": "2025-10-17T00:16:44Z",
            "name": "shopsnports/production/db/app_user_password",
            "policy": "",
            "region": "us-east-1",
            "tags": {}
          },
          "sensitive_attributes": []
        }
      ]
    },
    {
      "mode": "data",
      "type": "aws_secretsmanager_secret",
      "name": "flutterwave_key",
      "provider": "provider[\"registry.terraform.io/hashicorp/aws\"]",
      "instances": [
        {
          "schema_version": 0,
          "attributes": {
            "arn": "arn:aws:secretsmanager:us-east-1:119495459751:secret:shopsnports/production/flutterwave/secret_key-YrqSrQ",
            "created_date": "2025-10-11T02:03:55Z",
            "description": "",
            "id": "arn:aws:secretsmanager:us-east-1:119495459751:secret:shopsnports/production/flutterwave/secret_key-YrqSrQ",
            "kms_key_id": "",
            "last_changed_date": "2025-10-17T00:16:30Z",
            "name": "shopsnports/production/flutterwave/secret_key",
            "policy": "",
            "region": "us-east-1",
            "tags": {}
          },
          "sensitive_attributes": []
        }
      ]
    },
    {
      "mode": "data",
      "type": "aws_secretsmanager_secret",
      "name": "paystack_key",
      "provider": "provider[\"registry.terraform.io/hashicorp/aws\"]",
      "instances": [
        {
          "schema_version": 0,
          "attributes": {
            "arn": "arn:aws:secretsmanager:us-east-1:119495459751:secret:shopsnports/production/paystack/secret_key-hJ4iXk",
            "created_date": "2025-10-11T02:04:01Z",
            "description": "",
            "id": "arn:aws:secretsmanager:us-east-1:119495459751:secret:shopsnports/production/paystack/secret_key-hJ4iXk",
            "kms_key_id": "",
            "last_changed_date": "2025-10-17T00:16:37Z",
            "name": "shopsnports/production/paystack/secret_key",
            "policy": "",
            "region": "us-east-1",
            "tags": {}
          },
          "sensitive_attributes": []
        }
      ]
    },
    {
      "mode": "data",
      "type": "aws_secretsmanager_secret",
      "name": "stripe_key",
      "provider": "provider[\"registry.terraform.io/hashicorp/aws\"]",
      "instances": [
        {
          "schema_version": 0,
          "attributes": {
            "arn": "arn:aws:secretsmanager:us-east-1:119495459751:secret:shopsnports/production/stripe/secret_key-gzMwaq",
            "created_date": "2025-10-11T02:03:49Z",
            "description": "",
            "id": "arn:aws:secretsmanager:us-east-1:119495459751:secret:shopsnports/production/stripe/secret_key-gzMwaq",
            "kms_key_id": "",
            "last_changed_date": "2025-10-17T00:16:24Z",
            "name": "shopsnports/production/stripe/secret_key",
            "policy": "",
            "region": "us-east-1",
            "tags": {}
          },
          "sensitive_attributes": []
        }
      ]
    },
    {
      "mode": "data",
      "type": "aws_secretsmanager_secret",
      "name": "stripe_webhook",
      "provider": "provider[\"registry.terraform.io/hashicorp/aws\"]",
      "instances": [
        {
          "schema_version": 0,
          "attributes": {
            "arn": "arn:aws:secretsmanager:us-east-1:119495459751:secret:shopsnports/production/stripe/webhook_secret-Y2dwCa",
            "created_date": "2025-10-11T02:03:43Z",
            "description": "",
            "id": "arn:aws:secretsmanager:us-east-1:119495459751:secret:shopsnports/production/stripe/webhook_secret-Y2dwCa",
            "kms_key_id": "",
            "last_changed_date": "2025-10-17T00:16:18Z",
            "name": "shopsnports/production/stripe/webhook_secret",
            "policy": "",
            "region": "us-east-1",
            "tags": {}
          },
          "sensitive_attributes": []
        }
      ]
    },
    {
      "mode": "managed",
      "type": "aws_ecs_task_definition",
      "name": "api",
      "provider": "provider[\"registry.terraform.io/hashicorp/aws\"]",
      "instances": []
    },
    {
      "mode": "managed",
      "type": "aws_iam_role",
      "name": "task_role",
      "provider": "provider[\"registry.terraform.io/hashicorp/aws\"]",
      "instances": [
        {
          "index_key": 0,
          "status": "tainted",
          "schema_version": 0,
          "attributes": {
            "arn": "arn:aws:iam::119495459751:role/shopsnports-task-role",
            "assume_role_policy": "{\"Statement\":[{\"Action\":\"sts:AssumeRole\",\"Effect\":\"Allow\",\"Principal\":{\"Service\":\"ecs-tasks.amazonaws.com\"}}],\"Version\":\"2012-10-17\"}",
            "create_date": "2025-10-17T01:23:50Z",
            "description": "",
            "force_detach_policies": false,
            "id": "shopsnports-task-role",
            "inline_policy": [],
            "managed_policy_arns": [],
            "max_session_duration": 3600,
            "name": "shopsnports-task-role",
            "name_prefix": "",
            "path": "/",
            "permissions_boundary": "",
            "tags": null,
            "tags_all": null,
            "unique_id": "AROARXUT4AOTS5HBREJTO"
          },
          "sensitive_attributes": [],
          "private": "bnVsbA=="
        }
      ]
    },
    {
      "mode": "managed",
      "type": "aws_iam_role_policy",
      "name": "task_secrets_policy",
      "provider": "provider[\"registry.terraform.io/hashicorp/aws\"]",
      "instances": []
    }
  ],
  "check_results": null
}
